{
  "version": 4,
  "terraform_version": "1.6.5",
  "serial": 3,
  "lineage": "695829eb-4375-57ce-b1fd-161f41a2a0a4",
  "outputs": {
    "name": {
      "value": "bharat",
      "type": "string"
    }
  },
  "resources": [
    {
      "mode": "managed",
      "type": "local_file",
      "name": "pet",
      "provider": "provider[\"registry.terraform.io/hashicorp/local\"]",
      "instances": [
        {
          "schema_version": 0,
          "attributes": {
            "content": "we love aniamls",
            "content_base64": null,
            "content_base64sha256": "R3koM8t5hk2Rwc79eZ492p/QfoJWHrqMEYfBmEt0tSk=",
            "content_base64sha512": "B8L1SxAe76eXGX63wGR2yAh2vFmXYycJ1McuiyHC2Eo7iliacRo6hzIPJlSfWTddai8m45108aYNzJX7lKKUXw==",
            "content_md5": "19ea3e68ed324daa66fbdbb1f48b1552",
            "content_sha1": "f199ef6cc173f04a864ae23799561e032088ba2e",
            "content_sha256": "47792833cb79864d91c1cefd799e3dda9fd07e82561eba8c1187c1984b74b529",
            "content_sha512": "07c2f54b101eefa797197eb7c06476c80876bc5997632709d4c72e8b21c2d84a3b8a589a711a3a87320f26549f59375d6a2f26e39d74f1a60dcc95fb94a2945f",
            "directory_permission": "0777",
            "file_permission": "0777",
            "filename": "C:/Users/manikanta.maripi/Desktop/terraform/main.tf",
            "id": "f199ef6cc173f04a864ae23799561e032088ba2e",
            "sensitive_content": null,
            "source": null
          },
          "sensitive_attributes": []
        }
      ]
    }
  ],
  "check_results": null
}
