{
  "version": 4,
  "terraform_version": "1.6.5",
  "serial": 5,
  "lineage": "695829eb-4375-57ce-b1fd-161f41a2a0a4",
  "outputs": {
    "name": {
      "value": "bharat",
      "type": "string"
    }
  },
  "resources": [
    {
      "mode": "managed",
      "type": "local_file",
      "name": "name",
      "provider": "provider[\"registry.terraform.io/hashicorp/local\"]",
      "instances": [
        {
          "schema_version": 0,
          "attributes": {
            "content": "we love india",
            "content_base64": null,
            "content_base64sha256": "XhOBpnrjMU/1bZKkG8r4XmLk0nkj1Uv/S0qceAAB8ro=",
            "content_base64sha512": "A5M846Xw8M/NE303zpHYFNnzX6WZooGj6gL2LOi389PNtc23RZUAFb2dBcV5XTqMQ0wROdCM6MYjjDpyomwuIA==",
            "content_md5": "ac0a9a16bd7cd0509c5251e3474e6181",
            "content_sha1": "89f9ddf3c9a270e84232d38eed10215c46f65f1c",
            "content_sha256": "5e1381a67ae3314ff56d92a41bcaf85e62e4d27923d54bff4b4a9c780001f2ba",
            "content_sha512": "03933ce3a5f0f0cfcd137d37ce91d814d9f35fa599a281a3ea02f62ce8b7f3d3cdb5cdb745950015bd9d05c5795d3a8c434c1139d08ce8c6238c3a72a26c2e20",
            "directory_permission": "0777",
            "file_permission": "777",
            "filename": "C:/Users/manikanta.maripi/Desktop/terraform/main.tf",
            "id": "89f9ddf3c9a270e84232d38eed10215c46f65f1c",
            "sensitive_content": null,
            "source": null
          },
          "sensitive_attributes": []
        }
      ]
    }
  ],
  "check_results": null
}
